lockfileVersion: 5.4

specifiers:
  '@paperdave/logger': ^2.0.6
  '@paperdave/utils': 1.1.0
  '@purplet/shared-config': workspace:*
  discord-api-types: ^0.37.14

dependencies:
  '@paperdave/utils': 1.1.0
  '@purplet/shared-config': link:../shared-config

devDependencies:
  '@paperdave/logger': 2.0.6
  discord-api-types: 0.37.14

packages:

  /@paperdave/logger/2.0.6:
    resolution: {integrity: sha512-brei/cvHXasxAsyzaFGemyVm2M+iOnA/17OpNYq4csJbhYR3s8h6YCdaxmiPJzNf78Ffg1peIYulpkqBSe7abg==}
    dependencies:
      supports-color: 9.2.2
      wrap-ansi: 8.0.1
    dev: true

  /@paperdave/utils/1.1.0:
    resolution: {integrity: sha512-J95Wf8RnR44I8apZ6TRJGQIyVVuL6YGGFbHneFVpqXwerfd2/Bp+AxmLRdDUGbKtUaPRAErPs5H2jkeVDLDhjw==}
    dependencies:
      utility-types: 3.10.0
    dev: false

  /ansi-regex/6.0.1:
    resolution: {integrity: sha512-n5M855fKb2SsfMIiFFoVrABHJC8QtHwVx+mHWP3QcEqBHYienj5dHSgjbxtC0WEZXYt4wcD6zrQElDPhFuZgfA==}
    engines: {node: '>=12'}
    dev: true

  /ansi-styles/6.1.0:
    resolution: {integrity: sha512-VbqNsoz55SYGczauuup0MFUyXNQviSpFTj1RQtFzmQLk18qbVSpTFFGMT293rmDaQuKCT6InmbuEyUne4mTuxQ==}
    engines: {node: '>=12'}
    dev: true

  /discord-api-types/0.37.14:
    resolution: {integrity: sha512-byBH7SfDCMJwxdqeS8k5sihltH88/YPhuwx+vF2cftSxFLdxyHyU/ZxDL3bq+LB2c4ls/TymE76/ISlLfniUXg==}
    dev: true

  /eastasianwidth/0.2.0:
    resolution: {integrity: sha512-I88TYZWc9XiYHRQ4/3c5rjjfgkjhLyW2luGIheGERbNQ6OY7yTybanSpDXZa8y7VUP9YmDcYa+eyq4ca7iLqWA==}
    dev: true

  /emoji-regex/9.2.2:
    resolution: {integrity: sha512-L18DaJsXSUk2+42pv8mLs5jJT2hqFkFE4j21wOmgbUqsZ2hL72NsUU785g9RXgo3s0ZNgVl42TiHp3ZtOv/Vyg==}
    dev: true

  /string-width/5.1.2:
    resolution: {integrity: sha512-HnLOCR3vjcY8beoNLtcjZ5/nxn2afmME6lhrDrebokqMap+XbeW8n9TXpPDOqdGK5qcI3oT0GKTW6wC7EMiVqA==}
    engines: {node: '>=12'}
    dependencies:
      eastasianwidth: 0.2.0
      emoji-regex: 9.2.2
      strip-ansi: 7.0.1
    dev: true

  /strip-ansi/7.0.1:
    resolution: {integrity: sha512-cXNxvT8dFNRVfhVME3JAe98mkXDYN2O1l7jmcwMnOslDeESg1rF/OZMtK0nRAhiari1unG5cD4jG3rapUAkLbw==}
    engines: {node: '>=12'}
    dependencies:
      ansi-regex: 6.0.1
    dev: true

  /supports-color/9.2.2:
    resolution: {integrity: sha512-XC6g/Kgux+rJXmwokjm9ECpD6k/smUoS5LKlUCcsYr4IY3rW0XyAympon2RmxGrlnZURMpg5T18gWDP9CsHXFA==}
    engines: {node: '>=12'}
    dev: true

  /utility-types/3.10.0:
    resolution: {integrity: sha512-O11mqxmi7wMKCo6HKFt5AhO4BwY3VV68YU07tgxfz8zJTIxr4BpsezN49Ffwy9j3ZpwwJp4fkRwjRzq3uWE6Rg==}
    engines: {node: '>= 4'}
    dev: false

  /wrap-ansi/8.0.1:
    resolution: {integrity: sha512-QFF+ufAqhoYHvoHdajT/Po7KoXVBPXS2bgjIam5isfWJPfIOnQZ50JtUiVvCv/sjgacf3yRrt2ZKUZ/V4itN4g==}
    engines: {node: '>=12'}
    dependencies:
      ansi-styles: 6.1.0
      string-width: 5.1.2
      strip-ansi: 7.0.1
    dev: true
