lockfileVersion: 5.4

importers:

  examples/local-tsunbot:
    specifiers:
      discord-api-types: ^0.33.1
      purplet: workspace:*
    dependencies:
      discord-api-types: 0.33.5
      purplet: link:../../packages/purplet

packages:

  /discord-api-types/0.33.5:
    resolution: {integrity: sha512-dvO5M52v7m7Dy96+XUnzXNsQ/0npsYpU6dL205kAtEDueswoz3aU3bh1UMoK4cQmcGtB1YRyLKqp+DXi05lzFg==}
    dev: false
