lockfileVersion: 5.4

specifiers:
  '@paperdave/utils': 1.1.0
  '@purplet/shared-config': workspace:*

devDependencies:
  '@paperdave/utils': 1.1.0
  '@purplet/shared-config': link:../shared-config

packages:

  /@paperdave/utils/1.1.0:
    resolution: {integrity: sha512-J95Wf8RnR44I8apZ6TRJGQIyVVuL6YGGFbHneFVpqXwerfd2/Bp+AxmLRdDUGbKtUaPRAErPs5H2jkeVDLDhjw==}
    dependencies:
      utility-types: 3.10.0
    dev: true

  /utility-types/3.10.0:
    resolution: {integrity: sha512-O11mqxmi7wMKCo6HKFt5AhO4BwY3VV68YU07tgxfz8zJTIxr4BpsezN49Ffwy9j3ZpwwJp4fkRwjRzq3uWE6Rg==}
    engines: {node: '>= 4'}
    dev: true
