lockfileVersion: 5.4

specifiers:
  '@paperdave/utils': ^1.4.1
  '@purplet/shared-config': workspace:*
  discord-api-types: ^0.37.14
  rollup: ^3.2.3

dependencies:
  rollup: 3.2.3

devDependencies:
  '@paperdave/utils': 1.4.1
  '@purplet/shared-config': link:../shared-config
  discord-api-types: 0.37.14

packages:

  /@paperdave/utils/1.4.1:
    resolution: {integrity: sha512-wzbIGtiVSL2Krc4s6rMSFzhh4KMTfq3i8Yusy+8/a83oicw1jkaneE08zKNk7dziXFpDvlkmi2S/Kr0OQq0wRQ==}
    engines: {bun: '>=0.1.9', node: '>=16'}
    dependencies:
      utility-types: 3.10.0
    dev: true

  /discord-api-types/0.37.14:
    resolution: {integrity: sha512-byBH7SfDCMJwxdqeS8k5sihltH88/YPhuwx+vF2cftSxFLdxyHyU/ZxDL3bq+LB2c4ls/TymE76/ISlLfniUXg==}
    dev: true

  /fsevents/2.3.2:
    resolution: {integrity: sha512-xiqMQR4xAeHTuB9uWm+fFRcIOgKBMiOBP+eXiyT7jsgVCq1bkVygt00oASowB7EdtpOHaaPgKt812P9ab+DDKA==}
    engines: {node: ^8.16.0 || ^10.6.0 || >=11.0.0}
    os: [darwin]
    requiresBuild: true
    dev: false
    optional: true

  /rollup/3.2.3:
    resolution: {integrity: sha512-qfadtkY5kl0F5e4dXVdj2D+GtOdifasXHFMiL1SMf9ADQDv5Eti6xReef9FKj+iQPR2pvtqWna57s/PjARY4fg==}
    engines: {node: '>=14.18.0', npm: '>=8.0.0'}
    hasBin: true
    optionalDependencies:
      fsevents: 2.3.2
    dev: false

  /utility-types/3.10.0:
    resolution: {integrity: sha512-O11mqxmi7wMKCo6HKFt5AhO4BwY3VV68YU07tgxfz8zJTIxr4BpsezN49Ffwy9j3ZpwwJp4fkRwjRzq3uWE6Rg==}
    engines: {node: '>= 4'}
    dev: true
